
Microsoft Visual Studio Solution File, Format Version 12.00
# Visual Studio Version 17
VisualStudioVersion = 17.1.31911.260
MinimumVisualStudioVersion = 10.0.40219.1
Project("{9A19103F-16F7-4668-BE54-9A1E7A4F7556}") = "Deconstruction", "Deconstruction\Deconstruction.csproj", "{83BAB218-8D3E-414E-A5EA-46EA68F1C927}"
EndProject
Project("{9A19103F-16F7-4668-BE54-9A1E7A4F7556}") = "InOutKeywords", "InOutKeywords\InOutKeywords.csproj", "{547D06C9-AD25-4CCE-816E-18EBC03620EC}"
EndProject
Project("{9A19103F-16F7-4668-BE54-9A1E7A4F7556}") = "SmartEnums", "SmartEnums\SmartEnums.csproj", "{00879BBE-0D41-4C0D-8BCA-C014BC3F0ABA}"
EndProject
Project("{9A19103F-16F7-4668-BE54-9A1E7A4F7556}") = "Params", "Params\Params.csproj", "{1D00C501-7B27-4597-B8C2-5908E54BCA32}"
EndProject
Project("{9A19103F-16F7-4668-BE54-9A1E7A4F7556}") = "CodeSnippets", "CodeSnippets\CodeSnippets.csproj", "{FE5B3813-CAF7-4DB6-92EF-AEAD39D506E4}"
EndProject
Project("{9A19103F-16F7-4668-BE54-9A1E7A4F7556}") = "SmartUsingStatements", "SmartUsingStatement\SmartUsingStatements.csproj", "{52794CE7-88F6-4C53-A6C1-D1A5CFC99A23}"
EndProject
Project("{9A19103F-16F7-4668-BE54-9A1E7A4F7556}") = "Closures", "Closures\Closures.csproj", "{53EF2F5B-D1D7-42EA-853E-0BECD07E2229}"
EndProject
Project("{9A19103F-16F7-4668-BE54-9A1E7A4F7556}") = "BoxingUnboxing", "BoxingUnboxing\BoxingUnboxing.csproj", "{64A96BDC-FFB4-4477-A7EF-09A4AB202780}"
EndProject
Project("{FAE04EC0-301F-11D3-BF4B-00C04F79EFBC}") = "CSharpRecords", "CSharpRecords\CSharpRecords.csproj", "{61872A15-BC35-4752-98E7-C5ACAEEBB913}"
EndProject
Global
	GlobalSection(SolutionConfigurationPlatforms) = preSolution
		Debug|Any CPU = Debug|Any CPU
		Release|Any CPU = Release|Any CPU
	EndGlobalSection
	GlobalSection(ProjectConfigurationPlatforms) = postSolution
		{83BAB218-8D3E-414E-A5EA-46EA68F1C927}.Debug|Any CPU.ActiveCfg = Debug|Any CPU
		{83BAB218-8D3E-414E-A5EA-46EA68F1C927}.Debug|Any CPU.Build.0 = Debug|Any CPU
		{83BAB218-8D3E-414E-A5EA-46EA68F1C927}.Release|Any CPU.ActiveCfg = Release|Any CPU
		{83BAB218-8D3E-414E-A5EA-46EA68F1C927}.Release|Any CPU.Build.0 = Release|Any CPU
		{547D06C9-AD25-4CCE-816E-18EBC03620EC}.Debug|Any CPU.ActiveCfg = Debug|Any CPU
		{547D06C9-AD25-4CCE-816E-18EBC03620EC}.Debug|Any CPU.Build.0 = Debug|Any CPU
		{547D06C9-AD25-4CCE-816E-18EBC03620EC}.Release|Any CPU.ActiveCfg = Release|Any CPU
		{547D06C9-AD25-4CCE-816E-18EBC03620EC}.Release|Any CPU.Build.0 = Release|Any CPU
		{00879BBE-0D41-4C0D-8BCA-C014BC3F0ABA}.Debug|Any CPU.ActiveCfg = Debug|Any CPU
		{00879BBE-0D41-4C0D-8BCA-C014BC3F0ABA}.Debug|Any CPU.Build.0 = Debug|Any CPU
		{00879BBE-0D41-4C0D-8BCA-C014BC3F0ABA}.Release|Any CPU.ActiveCfg = Release|Any CPU
		{00879BBE-0D41-4C0D-8BCA-C014BC3F0ABA}.Release|Any CPU.Build.0 = Release|Any CPU
		{1D00C501-7B27-4597-B8C2-5908E54BCA32}.Debug|Any CPU.ActiveCfg = Debug|Any CPU
		{1D00C501-7B27-4597-B8C2-5908E54BCA32}.Debug|Any CPU.Build.0 = Debug|Any CPU
		{1D00C501-7B27-4597-B8C2-5908E54BCA32}.Release|Any CPU.ActiveCfg = Release|Any CPU
		{1D00C501-7B27-4597-B8C2-5908E54BCA32}.Release|Any CPU.Build.0 = Release|Any CPU
		{FE5B3813-CAF7-4DB6-92EF-AEAD39D506E4}.Debug|Any CPU.ActiveCfg = Debug|Any CPU
		{FE5B3813-CAF7-4DB6-92EF-AEAD39D506E4}.Debug|Any CPU.Build.0 = Debug|Any CPU
		{FE5B3813-CAF7-4DB6-92EF-AEAD39D506E4}.Release|Any CPU.ActiveCfg = Release|Any CPU
		{FE5B3813-CAF7-4DB6-92EF-AEAD39D506E4}.Release|Any CPU.Build.0 = Release|Any CPU
		{52794CE7-88F6-4C53-A6C1-D1A5CFC99A23}.Debug|Any CPU.ActiveCfg = Debug|Any CPU
		{52794CE7-88F6-4C53-A6C1-D1A5CFC99A23}.Debug|Any CPU.Build.0 = Debug|Any CPU
		{52794CE7-88F6-4C53-A6C1-D1A5CFC99A23}.Release|Any CPU.ActiveCfg = Release|Any CPU
		{52794CE7-88F6-4C53-A6C1-D1A5CFC99A23}.Release|Any CPU.Build.0 = Release|Any CPU
		{53EF2F5B-D1D7-42EA-853E-0BECD07E2229}.Debug|Any CPU.ActiveCfg = Debug|Any CPU
		{53EF2F5B-D1D7-42EA-853E-0BECD07E2229}.Debug|Any CPU.Build.0 = Debug|Any CPU
		{53EF2F5B-D1D7-42EA-853E-0BECD07E2229}.Release|Any CPU.ActiveCfg = Release|Any CPU
		{53EF2F5B-D1D7-42EA-853E-0BECD07E2229}.Release|Any CPU.Build.0 = Release|Any CPU
		{64A96BDC-FFB4-4477-A7EF-09A4AB202780}.Debug|Any CPU.ActiveCfg = Debug|Any CPU
		{64A96BDC-FFB4-4477-A7EF-09A4AB202780}.Debug|Any CPU.Build.0 = Debug|Any CPU
		{64A96BDC-FFB4-4477-A7EF-09A4AB202780}.Release|Any CPU.ActiveCfg = Release|Any CPU
		{64A96BDC-FFB4-4477-A7EF-09A4AB202780}.Release|Any CPU.Build.0 = Release|Any CPU
		{61872A15-BC35-4752-98E7-C5ACAEEBB913}.Debug|Any CPU.ActiveCfg = Debug|Any CPU
		{61872A15-BC35-4752-98E7-C5ACAEEBB913}.Debug|Any CPU.Build.0 = Debug|Any CPU
		{61872A15-BC35-4752-98E7-C5ACAEEBB913}.Release|Any CPU.ActiveCfg = Release|Any CPU
		{61872A15-BC35-4752-98E7-C5ACAEEBB913}.Release|Any CPU.Build.0 = Release|Any CPU
	EndGlobalSection
	GlobalSection(SolutionProperties) = preSolution
		HideSolutionNode = FALSE
	EndGlobalSection
	GlobalSection(ExtensibilityGlobals) = postSolution
		SolutionGuid = {8EAC14DF-9B63-4659-AAF0-FC0020FD3336}
	EndGlobalSection
EndGlobal
